---
lockfileVersion: '9.0'

importers:

  .:
    configDependencies: {}
    packageManagerDependencies:
      '@pnpm/exe':
        specifier: ^11.10.0
        version: 11.14.0
      pnpm:
        specifier: ^11.10.0
        version: 11.14.0

packages:

  '@pnpm/exe@11.14.0':
    resolution: {integrity: sha512-Hs8iYQgleaPjoXJWvjAKVhk42d0YGiIX6ACL0CFqvoAgb6ar+9dgDttdN6cb51ARIwlOYncJQFiyw/Js0VRU0A==}
    hasBin: true

  '@pnpm/linux-arm64@11.14.0':
    resolution: {integrity: sha512-0a7ZLvlnqyy42rdrgaj3wLH2T2PPBrPQ/Gr8hO+PTi0A0MnhPv4oW62vJTlimIHwCL5CwYMrelsjkHVQSYMLDw==}
    cpu: [arm64]
    os: [linux]

  '@pnpm/linux-x64@11.14.0':
    resolution: {integrity: sha512-labtF4P2ERMbeDHP/ca/RJSCZM6mv85cOxqoUO3RhknIDxJLeenvP73l7dnG8ijwmeym5l/NXtU9oVexBnz/zQ==}
    cpu: [x64]
    os: [linux]

  '@pnpm/linuxstatic-arm64@11.14.0':
    resolution: {integrity: sha512-q8+VTA4XrUo293lZpgJw5AblEUUGxIusHjX01AfwRoaYGI/qbvuIG6IM4X3L9PJizMdV6HGQ89pmY1oNz6QJ3A==}
    cpu: [arm64]
    os: [linux]
    libc: [musl]

  '@pnpm/linuxstatic-x64@11.14.0':
    resolution: {integrity: sha512-rRIOqarcN+i9OX9o4hWCsKyVLIc4QO5YayYegHiIN59auZjTco6XdF1ZkANE1p84buTS3pg+glAPk0Hz6B6zFA==}
    cpu: [x64]
    os: [linux]
    libc: [musl]

  '@pnpm/macos-arm64@11.14.0':
    resolution: {integrity: sha512-gwSVsP0rUF8Ov9QY7nkiSDao1HFZpkJoPt4ubkUhIpShdm4hWbtLQ2Q2BCIGI2T9Cf2ZLiqXzhUvdvXA3K/UfA==}
    cpu: [arm64]
    os: [darwin]

  '@pnpm/win-arm64@11.14.0':
    resolution: {integrity: sha512-Im4RutIC/cHXVZVQ+PSi5zmeIAH+BzWkVQpxjXdHhOWgrgCwxrM+M9gCjQ97tVF1d0rw/BOsulFKj/38yo7zSg==}
    cpu: [arm64]
    os: [win32]

  '@pnpm/win-x64@11.14.0':
    resolution: {integrity: sha512-dZGwv7yuzxf7G2I7lx+QHaTgR9Mwq2dXrf3pQSKn3sfQ36buHcacwYKyqTkNoEV3mbM8rKAVfdVGZyvMWtIlCw==}
    cpu: [x64]
    os: [win32]

  '@reflink/reflink-darwin-arm64@0.1.19':
    resolution: {integrity: sha512-ruy44Lpepdk1FqDz38vExBY/PVUsjxZA+chd9wozjUH9JjuDT/HEaQYA6wYN9mf041l0yLVar6BCZuWABJvHSA==}
    engines: {node: '>= 10'}
    cpu: [arm64]
    os: [darwin]

  '@reflink/reflink-darwin-x64@0.1.19':
    resolution: {integrity: sha512-By85MSWrMZa+c26TcnAy8SDk0sTUkYlNnwknSchkhHpGXOtjNDUOxJE9oByBnGbeuIE1PiQsxDG3Ud+IVV9yuA==}
    engines: {node: '>= 10'}
    cpu: [x64]
    os: [darwin]

  '@reflink/reflink-linux-arm64-gnu@0.1.19':
    resolution: {integrity: sha512-7P+er8+rP9iNeN+bfmccM4hTAaLP6PQJPKWSA4iSk2bNvo6KU6RyPgYeHxXmzNKzPVRcypZQTpFgstHam6maVg==}
    engines: {node: '>= 10'}
    cpu: [arm64]
    os: [linux]
    libc: [glibc]

  '@reflink/reflink-linux-arm64-musl@0.1.19':
    resolution: {integrity: sha512-37iO/Dp6m5DDaC2sf3zPtx/hl9FV3Xze4xoYidrxxS9bgP3S8ALroxRK6xBG/1TtfXKTvolvp+IjrUU6ujIGmA==}
    engines: {node: '>= 10'}
    cpu: [arm64]
    os: [linux]
    libc: [musl]

  '@reflink/reflink-linux-x64-gnu@0.1.19':
    resolution: {integrity: sha512-jbI8jvuYCaA3MVUdu8vLoLAFqC+iNMpiSuLbxlAgg7x3K5bsS8nOpTRnkLF7vISJ+rVR8W+7ThXlXlUQ93ulkw==}
    engines: {node: '>= 10'}
    cpu: [x64]
    os: [linux]
    libc: [glibc]

  '@reflink/reflink-linux-x64-musl@0.1.19':
    resolution: {integrity: sha512-e9FBWDe+lv7QKAwtKOt6A2W/fyy/aEEfr0g6j/hWzvQcrzHCsz07BNQYlNOjTfeytrtLU7k449H1PI95jA4OjQ==}
    engines: {node: '>= 10'}
    cpu: [x64]
    os: [linux]
    libc: [musl]

  '@reflink/reflink-win32-arm64-msvc@0.1.19':
    resolution: {integrity: sha512-09PxnVIQcd+UOn4WAW73WU6PXL7DwGS6wPlkMhMg2zlHHG65F3vHepOw06HFCq+N42qkaNAc8AKIabWvtk6cIQ==}
    engines: {node: '>= 10'}
    cpu: [arm64]
    os: [win32]

  '@reflink/reflink-win32-x64-msvc@0.1.19':
    resolution: {integrity: sha512-E//yT4ni2SyhwP8JRjVGWr3cbnhWDiPLgnQ66qqaanjjnMiu3O/2tjCPQXlcGc/DEYofpDc9fvhv6tALQsMV9w==}
    engines: {node: '>= 10'}
    cpu: [x64]
    os: [win32]

  '@reflink/reflink@0.1.19':
    resolution: {integrity: sha512-DmCG8GzysnCZ15bres3N5AHCmwBwYgp0As6xjhQ47rAUTUXxJiK+lLUxaGsX3hd/30qUpVElh05PbGuxRPgJwA==}
    engines: {node: '>= 10'}

  detect-libc@2.1.2:
    resolution: {integrity: sha512-Btj2BOOO83o3WyH59e8MgXsxEQVcarkUOpEYrubB0urwnN10yQ364rsiByU11nZlqWYZm05i/of7io4mzihBtQ==}
    engines: {node: '>=8'}

  pnpm@11.14.0:
    resolution: {integrity: sha512-ZsGsTH1HYtbX3eRMfz5ac1ke0KCAbnUdTtMtTwBPJbIoWpBrH9ip4+Yh3ztOKFi/iOUODPYmvtvpd/5DSlyvhQ==}
    engines: {node: '>=22.13'}
    hasBin: true

snapshots:

  '@pnpm/exe@11.14.0':
    dependencies:
      '@reflink/reflink': 0.1.19
      detect-libc: 2.1.2
    optionalDependencies:
      '@pnpm/linux-arm64': 11.14.0
      '@pnpm/linux-x64': 11.14.0
      '@pnpm/linuxstatic-arm64': 11.14.0
      '@pnpm/linuxstatic-x64': 11.14.0
      '@pnpm/macos-arm64': 11.14.0
      '@pnpm/win-arm64': 11.14.0
      '@pnpm/win-x64': 11.14.0

  '@pnpm/linux-arm64@11.14.0':
    optional: true

  '@pnpm/linux-x64@11.14.0':
    optional: true

  '@pnpm/linuxstatic-arm64@11.14.0':
    optional: true

  '@pnpm/linuxstatic-x64@11.14.0':
    optional: true

  '@pnpm/macos-arm64@11.14.0':
    optional: true

  '@pnpm/win-arm64@11.14.0':
    optional: true

  '@pnpm/win-x64@11.14.0':
    optional: true

  '@reflink/reflink-darwin-arm64@0.1.19':
    optional: true

  '@reflink/reflink-darwin-x64@0.1.19':
    optional: true

  '@reflink/reflink-linux-arm64-gnu@0.1.19':
    optional: true

  '@reflink/reflink-linux-arm64-musl@0.1.19':
    optional: true

  '@reflink/reflink-linux-x64-gnu@0.1.19':
    optional: true

  '@reflink/reflink-linux-x64-musl@0.1.19':
    optional: true

  '@reflink/reflink-win32-arm64-msvc@0.1.19':
    optional: true

  '@reflink/reflink-win32-x64-msvc@0.1.19':
    optional: true

  '@reflink/reflink@0.1.19':
    optionalDependencies:
      '@reflink/reflink-darwin-arm64': 0.1.19
      '@reflink/reflink-darwin-x64': 0.1.19
      '@reflink/reflink-linux-arm64-gnu': 0.1.19
      '@reflink/reflink-linux-arm64-musl': 0.1.19
      '@reflink/reflink-linux-x64-gnu': 0.1.19
      '@reflink/reflink-linux-x64-musl': 0.1.19
      '@reflink/reflink-win32-arm64-msvc': 0.1.19
      '@reflink/reflink-win32-x64-msvc': 0.1.19

  detect-libc@2.1.2: {}

  pnpm@11.14.0: {}

---
lockfileVersion: '9.0'

settings:
  autoInstallPeers: true
  excludeLinksFromLockfile: false

importers:

  .:
    devDependencies:
      '@playwright/test':
        specifier: ^1.61.1
        version: 1.61.1
      '@types/node':
        specifier: ^26.1.1
        version: 26.1.1

packages:

  '@playwright/test@1.61.1':
    resolution: {integrity: sha512-8nKv6+0RJSL9FE4jYOEGXnPeM/Hg12qZpmqzZjRh3qM0Y7c3z1mrOTfFLids72RDQYVh9WpLEfR5WdpNX4fkig==}
    engines: {node: '>=18'}
    hasBin: true

  '@types/node@26.1.1':
    resolution: {integrity: sha512-nxAkRSVkN1Y0JC1W8ky/fTfkGsMmcrRsbx+3XoZE+rMOX71kLYTV7fLXpqud1GpbpP5TuffXFqfX7fH2GgZREw==}

  fsevents@2.3.2:
    resolution: {integrity: sha512-xiqMQR4xAeHTuB9uWm+fFRcIOgKBMiOBP+eXiyT7jsgVCq1bkVygt00oASowB7EdtpOHaaPgKt812P9ab+DDKA==}
    engines: {node: ^8.16.0 || ^10.6.0 || >=11.0.0}
    os: [darwin]

  playwright-core@1.61.1:
    resolution: {integrity: sha512-h7Qlt6m4REp25qvIdvbDtVmD4LqVXfpRxhORv9L0jzETM05p4fuPJ3dKyuSXQxDSbXnmS79HAgi9589lGSpLkg==}
    engines: {node: '>=18'}
    hasBin: true

  playwright@1.61.1:
    resolution: {integrity: sha512-DWnY5o3YbLWK4GovuAVwpqL+1VwGNdUGrRr++8j8PtQQzvAVZUIMjKQ90fY689sEJZJBbZVw1rXaOKSTitkzPQ==}
    engines: {node: '>=18'}
    hasBin: true

  undici-types@8.3.0:
    resolution: {integrity: sha512-j375ScV60dom+YkPFIfTLcOiPxkN/buHz5GobjLhixFuANaNs3C9l4GmrWqejgXWJ7BbJcFYpTEUkS1Ge8bpZQ==}

snapshots:

  '@playwright/test@1.61.1':
    dependencies:
      playwright: 1.61.1

  '@types/node@26.1.1':
    dependencies:
      undici-types: 8.3.0

  fsevents@2.3.2:
    optional: true

  playwright-core@1.61.1: {}

  playwright@1.61.1:
    dependencies:
      playwright-core: 1.61.1
    optionalDependencies:
      fsevents: 2.3.2

  undici-types@8.3.0: {}
